{
  "requires": true,
  "lockfileVersion": 1,
  "dependencies": {
    "angular-star-rating": {
      "version": "4.0.0-beta.3",
      "resolved": "https://registry.npmjs.org/angular-star-rating/-/angular-star-rating-4.0.0-beta.3.tgz",
      "integrity": "sha512-2GAaWvmRjKiQovN5lRvK9u24Ksv2mZupYvwij6ShAKuojxm0VB1d3/O9nBeoID0gmthYK+NXaskrJAW+RmStEg==",
      "requires": {
        "tslib": "^1.7.1"
      }
    },
    "tslib": {
      "version": "1.14.1",
      "resolved": "https://registry.npmjs.org/tslib/-/tslib-1.14.1.tgz",
      "integrity": "sha512-Xni35NKzjgMrwevysHTCArtLDpPvye8zV/0E4EyYn43P7/7qvQwPh9BGkHewbMulVntbigmcT7rdX3BNo9wRJg=="
    }
  }
}
